schema: '2.0'
stages:
  data_ingestion:
    cmd: python3 /Users/gautammehta/Desktop/smal_project/src/raw/raw.py
    deps:
    - path: src/raw/raw.py
      hash: md5
      md5: 24492305ddf0c3fa0046ba8ec384ae23
      size: 932
    outs:
    - path: data/processed
      hash: md5
      md5: abfb8329c9fb8f5f899b3fd0adcee36b.dir
      size: 120352
      nfiles: 4
  EDA:
    cmd: python3 /Users/gautammehta/Desktop/smal_project/src/raw/feature.py
    deps:
    - path: src/raw/feature.py
      hash: md5
      md5: 3e29f5e14294fb5326f6609a60030ac6
      size: 1668
    - path: src/raw/raw.py
      hash: md5
      md5: 24492305ddf0c3fa0046ba8ec384ae23
      size: 932
    outs:
    - path: data/EDA
      hash: md5
      md5: 46f329e98bdf8df4940fcfc953b7cada.dir
      size: 393692
      nfiles: 4
  model_building:
    cmd: python3 
      /Users/gautammehta/Desktop/smal_project/src/model_building/model_building.py
    deps:
    - path: src/model_building/model_building.py
      hash: md5
      md5: c8fae9c3bdcd6a547eae5ad3312fb5b7
      size: 2585
    - path: src/raw/feature.py
      hash: md5
      md5: 3e29f5e14294fb5326f6609a60030ac6
      size: 1668
    outs:
    - path: reports/model
      hash: md5
      md5: 47979a35b2f34952393d4720e8d755a7.dir
      size: 246
      nfiles: 1
